// !$*UTF8*$!
{
	archiveVersion = 1;
	classes = {
	};
	objectVersion = 46;
	objects = {

/* Begin PBXBuildFile section */
		2A106C611BA887A70053F15E /* catch.mp3 in Resources */ = {isa = PBXBuildFile; fileRef = 2A106C601BA887A70053F15E /* catch.mp3 */; };
		2A106C631BA887B30053F15E /* throw.mp3 in Resources */ = {isa = PBXBuildFile; fileRef = 2A106C621BA887B30053F15E /* throw.mp3 */; };
		2A98D2B61BA715BC007B9B3B /* AppDelegate.swift in Sources */ = {isa = PBXBuildFile; fileRef = 2A98D2B51BA715BC007B9B3B /* AppDelegate.swift */; };
		2A98D2B81BA715BC007B9B3B /* ViewController.swift in Sources */ = {isa = PBXBuildFile; fileRef = 2A98D2B71BA715BC007B9B3B /* ViewController.swift */; };
		2A98D2BB1BA715BC007B9B3B /* Main.storyboard in Resources */ = {isa = PBXBuildFile; fileRef = 2A98D2B91BA715BC007B9B3B /* Main.storyboard */; };
		2A98D2BD1BA715BC007B9B3B /* Images.xcassets in Resources */ = {isa = PBXBuildFile; fileRef = 2A98D2BC1BA715BC007B9B3B /* Images.xcassets */; };
		2A98D2C01BA715BC007B9B3B /* LaunchScreen.xib in Resources */ = {isa = PBXBuildFile; fileRef = 2A98D2BE1BA715BC007B9B3B /* LaunchScreen.xib */; };
		2A98D2CC1BA715BC007B9B3B /* DCatchTests.swift in Sources */ = {isa = PBXBuildFile; fileRef = 2A98D2CB1BA715BC007B9B3B /* DCatchTests.swift */; };
		2A98D2D61BA7160B007B9B3B /* MultipeerConnectivity.framework in Frameworks */ = {isa = PBXBuildFile; fileRef = 2A98D2D51BA7160B007B9B3B /* MultipeerConnectivity.framework */; };
/* End PBXBuildFile section */

/* Begin PBXContainerItemProxy section */
		2A98D2C61BA715BC007B9B3B /* PBXContainerItemProxy */ = {
			isa = PBXContainerItemProxy;
			containerPortal = 2A98D2A81BA715BC007B9B3B /* Project object */;
			proxyType = 1;
			remoteGlobalIDString = 2A98D2AF1BA715BC007B9B3B;
			remoteInfo = DCatch;
		};
/* End PBXContainerItemProxy section */

/* Begin PBXFileReference section */
		2A106C601BA887A70053F15E /* catch.mp3 */ = {isa = PBXFileReference; lastKnownFileType = audio.mp3; path = catch.mp3; sourceTree = "<group>"; };
		2A106C621BA887B30053F15E /* throw.mp3 */ = {isa = PBXFileReference; lastKnownFileType = audio.mp3; path = throw.mp3; sourceTree = "<group>"; };
		2A98D2B01BA715BC007B9B3B /* DCatch.app */ = {isa = PBXFileReference; explicitFileType = wrapper.application; includeInIndex = 0; path = DCatch.app; sourceTree = BUILT_PRODUCTS_DIR; };
		2A98D2B41BA715BC007B9B3B /* Info.plist */ = {isa = PBXFileReference; lastKnownFileType = text.plist.xml; path = Info.plist; sourceTree = "<group>"; };
		2A98D2B51BA715BC007B9B3B /* AppDelegate.swift */ = {isa = PBXFileReference; lastKnownFileType = sourcecode.swift; path = AppDelegate.swift; sourceTree = "<group>"; };
		2A98D2B71BA715BC007B9B3B /* ViewController.swift */ = {isa = PBXFileReference; lastKnownFileType = sourcecode.swift; path = ViewController.swift; sourceTree = "<group>"; };
		2A98D2BA1BA715BC007B9B3B /* Base */ = {isa = PBXFileReference; lastKnownFileType = file.storyboard; name = Base; path = Base.lproj/Main.storyboard; sourceTree = "<group>"; };
		2A98D2BC1BA715BC007B9B3B /* Images.xcassets */ = {isa = PBXFileReference; lastKnownFileType = folder.assetcatalog; path = Images.xcassets; sourceTree = "<group>"; };
		2A98D2BF1BA715BC007B9B3B /* Base */ = {isa = PBXFileReference; lastKnownFileType = file.xib; name = Base; path = Base.lproj/LaunchScreen.xib; sourceTree = "<group>"; };
		2A98D2C51BA715BC007B9B3B /* DCatchTests.xctest */ = {isa = PBXFileReference; explicitFileType = wrapper.cfbundle; includeInIndex = 0; path = DCatchTests.xctest; sourceTree = BUILT_PRODUCTS_DIR; };
		2A98D2CA1BA715BC007B9B3B /* Info.plist */ = {isa = PBXFileReference; lastKnownFileType = text.plist.xml; path = Info.plist; sourceTree = "<group>"; };
		2A98D2CB1BA715BC007B9B3B /* DCatchTests.swift */ = {isa = PBXFileReference; lastKnownFileType = sourcecode.swift; path = DCatchTests.swift; sourceTree = "<group>"; };
		2A98D2D51BA7160B007B9B3B /* MultipeerConnectivity.framework */ = {isa = PBXFileReference; lastKnownFileType = wrapper.framework; name = MultipeerConnectivity.framework; path = System/Library/Frameworks/MultipeerConnectivity.framework; sourceTree = SDKROOT; };
/* End PBXFileReference section */

/* Begin PBXFrameworksBuildPhase section */
		2A98D2AD1BA715BC007B9B3B /* Frameworks */ = {
			isa = PBXFrameworksBuildPhase;
			buildActionMask = 2147483647;
			files = (
				2A98D2D61BA7160B007B9B3B /* MultipeerConnectivity.framework in Frameworks */,
			);
			runOnlyForDeploymentPostprocessing = 0;
		};
		2A98D2C21BA715BC007B9B3B /* Frameworks */ = {
			isa = PBXFrameworksBuildPhase;
			buildActionMask = 2147483647;
			files = (
			);
			runOnlyForDeploymentPostprocessing = 0;
		};
/* End PBXFrameworksBuildPhase section */

/* Begin PBXGroup section */
		2A98D2A71BA715BC007B9B3B = {
			isa = PBXGroup;
			children = (
				2A106C621BA887B30053F15E /* throw.mp3 */,
				2A106C601BA887A70053F15E /* catch.mp3 */,
				2A98D2D51BA7160B007B9B3B /* MultipeerConnectivity.framework */,
				2A98D2B21BA715BC007B9B3B /* DCatch */,
				2A98D2C81BA715BC007B9B3B /* DCatchTests */,
				2A98D2B11BA715BC007B9B3B /* Products */,
			);
			sourceTree = "<group>";
		};
		2A98D2B11BA715BC007B9B3B /* Products */ = {
			isa = PBXGroup;
			children = (
				2A98D2B01BA715BC007B9B3B /* DCatch.app */,
				2A98D2C51BA715BC007B9B3B /* DCatchTests.xctest */,
			);
			name = Products;
			sourceTree = "<group>";
		};
		2A98D2B21BA715BC007B9B3B /* DCatch */ = {
			isa = PBXGroup;
			children = (
				2A98D2B51BA715BC007B9B3B /* AppDelegate.swift */,
				2A98D2B71BA715BC007B9B3B /* ViewController.swift */,
				2A98D2B91BA715BC007B9B3B /* Main.storyboard */,
				2A98D2BC1BA715BC007B9B3B /* Images.xcassets */,
				2A98D2BE1BA715BC007B9B3B /* LaunchScreen.xib */,
				2A98D2B31BA715BC007B9B3B /* Supporting Files */,
			);
			path = DCatch;
			sourceTree = "<group>";
		};
		2A98D2B31BA715BC007B9B3B /* Supporting Files */ = {
			isa = PBXGroup;
			children = (
				2A98D2B41BA715BC007B9B3B /* Info.plist */,
			);
			name = "Supporting Files";
			sourceTree = "<group>";
		};
		2A98D2C81BA715BC007B9B3B /* DCatchTests */ = {
			isa = PBXGroup;
			children = (
				2A98D2CB1BA715BC007B9B3B /* DCatchTests.swift */,
				2A98D2C91BA715BC007B9B3B /* Supporting Files */,
			);
			path = DCatchTests;
			sourceTree = "<group>";
		};
		2A98D2C91BA715BC007B9B3B /* Supporting Files */ = {
			isa = PBXGroup;
			children = (
				2A98D2CA1BA715BC007B9B3B /* Info.plist */,
			);
			name = "Supporting Files";
			sourceTree = "<group>";
		};
/* End PBXGroup section */

/* Begin PBXNativeTarget section */
		2A98D2AF1BA715BC007B9B3B /* DCatch */ = {
			isa = PBXNativeTarget;
			buildConfigurationList = 2A98D2CF1BA715BC007B9B3B /* Build configuration list for PBXNativeTarget "DCatch" */;
			buildPhases = (
				2A98D2AC1BA715BC007B9B3B /* Sources */,
				2A98D2AD1BA715BC007B9B3B /* Frameworks */,
				2A98D2AE1BA715BC007B9B3B /* Resources */,
			);
			buildRules = (
			);
			dependencies = (
			);
			name = DCatch;
			productName = DCatch;
			productReference = 2A98D2B01BA715BC007B9B3B /* DCatch.app */;
			productType = "com.apple.product-type.application";
		};
		2A98D2C41BA715BC007B9B3B /* DCatchTests */ = {
			isa = PBXNativeTarget;
			buildConfigurationList = 2A98D2D21BA715BC007B9B3B /* Build configuration list for PBXNativeTarget "DCatchTests" */;
			buildPhases = (
				2A98D2C11BA715BC007B9B3B /* Sources */,
				2A98D2C21BA715BC007B9B3B /* Frameworks */,
				2A98D2C31BA715BC007B9B3B /* Resources */,
			);
			buildRules = (
			);
			dependencies = (
				2A98D2C71BA715BC007B9B3B /* PBXTargetDependency */,
			);
			name = DCatchTests;
			productName = DCatchTests;
			productReference = 2A98D2C51BA715BC007B9B3B /* DCatchTests.xctest */;
			productType = "com.apple.product-type.bundle.unit-test";
		};
/* End PBXNativeTarget section */

/* Begin PBXProject section */
		2A98D2A81BA715BC007B9B3B /* Project object */ = {
			isa = PBXProject;
			attributes = {
				LastUpgradeCheck = 0640;
				ORGANIZATIONNAME = ryo_grid;
				TargetAttributes = {
					2A98D2AF1BA715BC007B9B3B = {
						CreatedOnToolsVersion = 6.4;
					};
					2A98D2C41BA715BC007B9B3B = {
						CreatedOnToolsVersion = 6.4;
						TestTargetID = 2A98D2AF1BA715BC007B9B3B;
					};
				};
			};
			buildConfigurationList = 2A98D2AB1BA715BC007B9B3B /* Build configuration list for PBXProject "DCatch" */;
			compatibilityVersion = "Xcode 3.2";
			developmentRegion = English;
			hasScannedForEncodings = 0;
			knownRegions = (
				en,
				Base,
			);
			mainGroup = 2A98D2A71BA715BC007B9B3B;
			productRefGroup = 2A98D2B11BA715BC007B9B3B /* Products */;
			projectDirPath = "";
			projectRoot = "";
			targets = (
				2A98D2AF1BA715BC007B9B3B /* DCatch */,
				2A98D2C41BA715BC007B9B3B /* DCatchTests */,
			);
		};
/* End PBXProject section */

/* Begin PBXResourcesBuildPhase section */
		2A98D2AE1BA715BC007B9B3B /* Resources */ = {
			isa = PBXResourcesBuildPhase;
			buildActionMask = 2147483647;
			files = (
				2A98D2BB1BA715BC007B9B3B /* Main.storyboard in Resources */,
				2A98D2C01BA715BC007B9B3B /* LaunchScreen.xib in Resources */,
				2A106C611BA887A70053F15E /* catch.mp3 in Resources */,
				2A106C631BA887B30053F15E /* throw.mp3 in Resources */,
				2A98D2BD1BA715BC007B9B3B /* Images.xcassets in Resources */,
			);
			runOnlyForDeploymentPostprocessing = 0;
		};
		2A98D2C31BA715BC007B9B3B /* Resources */ = {
			isa = PBXResourcesBuildPhase;
			buildActionMask = 2147483647;
			files = (
			);
			runOnlyForDeploymentPostprocessing = 0;
		};
/* End PBXResourcesBuildPhase section */

/* Begin PBXSourcesBuildPhase section */
		2A98D2AC1BA715BC007B9B3B /* Sources */ = {
			isa = PBXSourcesBuildPhase;
			buildActionMask = 2147483647;
			files = (
				2A98D2B81BA715BC007B9B3B /* ViewController.swift in Sources */,
				2A98D2B61BA715BC007B9B3B /* AppDelegate.swift in Sources */,
			);
			runOnlyForDeploymentPostprocessing = 0;
		};
		2A98D2C11BA715BC007B9B3B /* Sources */ = {
			isa = PBXSourcesBuildPhase;
			buildActionMask = 2147483647;
			files = (
				2A98D2CC1BA715BC007B9B3B /* DCatchTests.swift in Sources */,
			);
			runOnlyForDeploymentPostprocessing = 0;
		};
/* End PBXSourcesBuildPhase section */

/* Begin PBXTargetDependency section */
		2A98D2C71BA715BC007B9B3B /* PBXTargetDependency */ = {
			isa = PBXTargetDependency;
			target = 2A98D2AF1BA715BC007B9B3B /* DCatch */;
			targetProxy = 2A98D2C61BA715BC007B9B3B /* PBXContainerItemProxy */;
		};
/* End PBXTargetDependency section */

/* Begin PBXVariantGroup section */
		2A98D2B91BA715BC007B9B3B /* Main.storyboard */ = {
			isa = PBXVariantGroup;
			children = (
				2A98D2BA1BA715BC007B9B3B /* Base */,
			);
			name = Main.storyboard;
			sourceTree = "<group>";
		};
		2A98D2BE1BA715BC007B9B3B /* LaunchScreen.xib */ = {
			isa = PBXVariantGroup;
			children = (
				2A98D2BF1BA715BC007B9B3B /* Base */,
			);
			name = LaunchScreen.xib;
			sourceTree = "<group>";
		};
/* End PBXVariantGroup section */

/* Begin XCBuildConfiguration section */
		2A98D2CD1BA715BC007B9B3B /* Debug */ = {
			isa = XCBuildConfiguration;
			buildSettings = {
				ALWAYS_SEARCH_USER_PATHS = NO;
				CLANG_CXX_LANGUAGE_STANDARD = "gnu++0x";
				CLANG_CXX_LIBRARY = "libc++";
				CLANG_ENABLE_MODULES = YES;
				CLANG_ENABLE_OBJC_ARC = YES;
				CLANG_WARN_BOOL_CONVERSION = YES;
				CLANG_WARN_CONSTANT_CONVERSION = YES;
				CLANG_WARN_DIRECT_OBJC_ISA_USAGE = YES_ERROR;
				CLANG_WARN_EMPTY_BODY = YES;
				CLANG_WARN_ENUM_CONVERSION = YES;
				CLANG_WARN_INT_CONVERSION = YES;
				CLANG_WARN_OBJC_ROOT_CLASS = YES_ERROR;
				CLANG_WARN_UNREACHABLE_CODE = YES;
				CLANG_WARN__DUPLICATE_METHOD_MATCH = YES;
				"CODE_SIGN_IDENTITY[sdk=iphoneos*]" = "iPhone Developer";
				COPY_PHASE_STRIP = NO;
				DEBUG_INFORMATION_FORMAT = "dwarf-with-dsym";
				ENABLE_STRICT_OBJC_MSGSEND = YES;
				GCC_C_LANGUAGE_STANDARD = gnu99;
				GCC_DYNAMIC_NO_PIC = NO;
				GCC_NO_COMMON_BLOCKS = YES;
				GCC_OPTIMIZATION_LEVEL = 0;
				GCC_PREPROCESSOR_DEFINITIONS = (
					"DEBUG=1",
					"$(inherited)",
				);
				GCC_SYMBOLS_PRIVATE_EXTERN = NO;
				GCC_WARN_64_TO_32_BIT_CONVERSION = YES;
				GCC_WARN_ABOUT_RETURN_TYPE = YES_ERROR;
				GCC_WARN_UNDECLARED_SELECTOR = YES;
				GCC_WARN_UNINITIALIZED_AUTOS = YES_AGGRESSIVE;
				GCC_WARN_UNUSED_FUNCTION = YES;
				GCC_WARN_UNUSED_VARIABLE = YES;
				IPHONEOS_DEPLOYMENT_TARGET = 8.4;
				MTL_ENABLE_DEBUG_INFO = YES;
				ONLY_ACTIVE_ARCH = YES;
				SDKROOT = iphoneos;
				SWIFT_OPTIMIZATION_LEVEL = "-Onone";
			};
			name = Debug;
		};
		2A98D2CE1BA715BC007B9B3B /* Release */ = {
			isa = XCBuildConfiguration;
			buildSettings = {
				ALWAYS_SEARCH_USER_PATHS = NO;
				CLANG_CXX_LANGUAGE_STANDARD = "gnu++0x";
				CLANG_CXX_LIBRARY = "libc++";
				CLANG_ENABLE_MODULES = YES;
				CLANG_ENABLE_OBJC_ARC = YES;
				CLANG_WARN_BOOL_CONVERSION = YES;
				CLANG_WARN_CONSTANT_CONVERSION = YES;
				CLANG_WARN_DIRECT_OBJC_ISA_USAGE = YES_ERROR;
				CLANG_WARN_EMPTY_BODY = YES;
				CLANG_WARN_ENUM_CONVERSION = YES;
				CLANG_WARN_INT_CONVERSION = YES;
				CLANG_WARN_OBJC_ROOT_CLASS = YES_ERROR;
				CLANG_WARN_UNREACHABLE_CODE = YES;
				CLANG_WARN__DUPLICATE_METHOD_MATCH = YES;
				"CODE_SIGN_IDENTITY[sdk=iphoneos*]" = "iPhone Developer";
				COPY_PHASE_STRIP = NO;
				DEBUG_INFORMATION_FORMAT = "dwarf-with-dsym";
				ENABLE_NS_ASSERTIONS = NO;
				ENABLE_STRICT_OBJC_MSGSEND = YES;
				GCC_C_LANGUAGE_STANDARD = gnu99;
				GCC_NO_COMMON_BLOCKS = YES;
				GCC_WARN_64_TO_32_BIT_CONVERSION = YES;
				GCC_WARN_ABOUT_RETURN_TYPE = YES_ERROR;
				GCC_WARN_UNDECLARED_SELECTOR = YES;
				GCC_WARN_UNINITIALIZED_AUTOS = YES_AGGRESSIVE;
				GCC_WARN_UNUSED_FUNCTION = YES;
				GCC_WARN_UNUSED_VARIABLE = YES;
				IPHONEOS_DEPLOYMENT_TARGET = 8.4;
				MTL_ENABLE_DEBUG_INFO = NO;
				SDKROOT = iphoneos;
				VALIDATE_PRODUCT = YES;
			};
			name = Release;
		};
		2A98D2D01BA715BC007B9B3B /* Debug */ = {
			isa = XCBuildConfiguration;
			buildSettings = {
				ASSETCATALOG_COMPILER_APPICON_NAME = AppIcon;
				INFOPLIST_FILE = DCatch/Info.plist;
				IPHONEOS_DEPLOYMENT_TARGET = 7.0;
				LD_RUNPATH_SEARCH_PATHS = "$(inherited) @executable_path/Frameworks";
				ONLY_ACTIVE_ARCH = YES;
				PRODUCT_NAME = "$(TARGET_NAME)";
				TARGETED_DEVICE_FAMILY = 1;
			};
			name = Debug;
		};
		2A98D2D11BA715BC007B9B3B /* Release */ = {
			isa = XCBuildConfiguration;
			buildSettings = {
				ASSETCATALOG_COMPILER_APPICON_NAME = AppIcon;
				INFOPLIST_FILE = DCatch/Info.plist;
				IPHONEOS_DEPLOYMENT_TARGET = 7.0;
				LD_RUNPATH_SEARCH_PATHS = "$(inherited) @executable_path/Frameworks";
				PRODUCT_NAME = "$(TARGET_NAME)";
				TARGETED_DEVICE_FAMILY = 1;
			};
			name = Release;
		};
		2A98D2D31BA715BC007B9B3B /* Debug */ = {
			isa = XCBuildConfiguration;
			buildSettings = {
				BUNDLE_LOADER = "$(TEST_HOST)";
				FRAMEWORK_SEARCH_PATHS = (
					"$(SDKROOT)/Developer/Library/Frameworks",
					"$(inherited)",
				);
				GCC_PREPROCESSOR_DEFINITIONS = (
					"DEBUG=1",
					"$(inherited)",
				);
				INFOPLIST_FILE = DCatchTests/Info.plist;
				LD_RUNPATH_SEARCH_PATHS = "$(inherited) @executable_path/Frameworks @loader_path/Frameworks";
				PRODUCT_NAME = "$(TARGET_NAME)";
				TEST_HOST = "$(BUILT_PRODUCTS_DIR)/DCatch.app/DCatch";
			};
			name = Debug;
		};
		2A98D2D41BA715BC007B9B3B /* Release */ = {
			isa = XCBuildConfiguration;
			buildSettings = {
				BUNDLE_LOADER = "$(TEST_HOST)";
				FRAMEWORK_SEARCH_PATHS = (
					"$(SDKROOT)/Developer/Library/Frameworks",
					"$(inherited)",
				);
				INFOPLIST_FILE = DCatchTests/Info.plist;
				LD_RUNPATH_SEARCH_PATHS = "$(inherited) @executable_path/Frameworks @loader_path/Frameworks";
				PRODUCT_NAME = "$(TARGET_NAME)";
				TEST_HOST = "$(BUILT_PRODUCTS_DIR)/DCatch.app/DCatch";
			};
			name = Release;
		};
/* End XCBuildConfiguration section */

/* Begin XCConfigurationList section */
		2A98D2AB1BA715BC007B9B3B /* Build configuration list for PBXProject "DCatch" */ = {
			isa = XCConfigurationList;
			buildConfigurations = (
				2A98D2CD1BA715BC007B9B3B /* Debug */,
				2A98D2CE1BA715BC007B9B3B /* Release */,
			);
			defaultConfigurationIsVisible = 0;
			defaultConfigurationName = Release;
		};
		2A98D2CF1BA715BC007B9B3B /* Build configuration list for PBXNativeTarget "DCatch" */ = {
			isa = XCConfigurationList;
			buildConfigurations = (
				2A98D2D01BA715BC007B9B3B /* Debug */,
				2A98D2D11BA715BC007B9B3B /* Release */,
			);
			defaultConfigurationIsVisible = 0;
			defaultConfigurationName = Release;
		};
		2A98D2D21BA715BC007B9B3B /* Build configuration list for PBXNativeTarget "DCatchTests" */ = {
			isa = XCConfigurationList;
			buildConfigurations = (
				2A98D2D31BA715BC007B9B3B /* Debug */,
				2A98D2D41BA715BC007B9B3B /* Release */,
			);
			defaultConfigurationIsVisible = 0;
			defaultConfigurationName = Release;
		};
/* End XCConfigurationList section */
	};
	rootObject = 2A98D2A81BA715BC007B9B3B /* Project object */;
}
